
Microsoft Visual Studio Solution File, Format Version 12.00
# Visual Studio 15
VisualStudioVersion = 15.0.26124.0
MinimumVisualStudioVersion = 15.0.26124.0
Project("{F2A71F9B-5D33-465A-A702-920D77279786}") = "fwrules", "src\fwrules.fsproj", "{1B72929F-7C4D-4BD0-9851-A5092919CDAD}"
EndProject
Project("{F2A71F9B-5D33-465A-A702-920D77279786}") = "fwrules.tests", "tests\fwrules.tests.fsproj", "{83BC11DA-30DF-4B65-8A49-0B7DA55875E9}"
EndProject
Global
	GlobalSection(SolutionConfigurationPlatforms) = preSolution
		Debug|Any CPU = Debug|Any CPU
		Debug|x64 = Debug|x64
		Debug|x86 = Debug|x86
		Release|Any CPU = Release|Any CPU
		Release|x64 = Release|x64
		Release|x86 = Release|x86
	EndGlobalSection
	GlobalSection(SolutionProperties) = preSolution
		HideSolutionNode = FALSE
	EndGlobalSection
	GlobalSection(ProjectConfigurationPlatforms) = postSolution
		{1B72929F-7C4D-4BD0-9851-A5092919CDAD}.Debug|Any CPU.ActiveCfg = Debug|Any CPU
		{1B72929F-7C4D-4BD0-9851-A5092919CDAD}.Debug|Any CPU.Build.0 = Debug|Any CPU
		{1B72929F-7C4D-4BD0-9851-A5092919CDAD}.Debug|x64.ActiveCfg = Debug|x64
		{1B72929F-7C4D-4BD0-9851-A5092919CDAD}.Debug|x64.Build.0 = Debug|x64
		{1B72929F-7C4D-4BD0-9851-A5092919CDAD}.Debug|x86.ActiveCfg = Debug|x86
		{1B72929F-7C4D-4BD0-9851-A5092919CDAD}.Debug|x86.Build.0 = Debug|x86
		{1B72929F-7C4D-4BD0-9851-A5092919CDAD}.Release|Any CPU.ActiveCfg = Release|Any CPU
		{1B72929F-7C4D-4BD0-9851-A5092919CDAD}.Release|Any CPU.Build.0 = Release|Any CPU
		{1B72929F-7C4D-4BD0-9851-A5092919CDAD}.Release|x64.ActiveCfg = Release|x64
		{1B72929F-7C4D-4BD0-9851-A5092919CDAD}.Release|x64.Build.0 = Release|x64
		{1B72929F-7C4D-4BD0-9851-A5092919CDAD}.Release|x86.ActiveCfg = Release|x86
		{1B72929F-7C4D-4BD0-9851-A5092919CDAD}.Release|x86.Build.0 = Release|x86
		{83BC11DA-30DF-4B65-8A49-0B7DA55875E9}.Debug|Any CPU.ActiveCfg = Debug|Any CPU
		{83BC11DA-30DF-4B65-8A49-0B7DA55875E9}.Debug|Any CPU.Build.0 = Debug|Any CPU
		{83BC11DA-30DF-4B65-8A49-0B7DA55875E9}.Debug|x64.ActiveCfg = Debug|x64
		{83BC11DA-30DF-4B65-8A49-0B7DA55875E9}.Debug|x64.Build.0 = Debug|x64
		{83BC11DA-30DF-4B65-8A49-0B7DA55875E9}.Debug|x86.ActiveCfg = Debug|x86
		{83BC11DA-30DF-4B65-8A49-0B7DA55875E9}.Debug|x86.Build.0 = Debug|x86
		{83BC11DA-30DF-4B65-8A49-0B7DA55875E9}.Release|Any CPU.ActiveCfg = Release|Any CPU
		{83BC11DA-30DF-4B65-8A49-0B7DA55875E9}.Release|Any CPU.Build.0 = Release|Any CPU
		{83BC11DA-30DF-4B65-8A49-0B7DA55875E9}.Release|x64.ActiveCfg = Release|x64
		{83BC11DA-30DF-4B65-8A49-0B7DA55875E9}.Release|x64.Build.0 = Release|x64
		{83BC11DA-30DF-4B65-8A49-0B7DA55875E9}.Release|x86.ActiveCfg = Release|x86
		{83BC11DA-30DF-4B65-8A49-0B7DA55875E9}.Release|x86.Build.0 = Release|x86
	EndGlobalSection
EndGlobal
